
Microsoft Visual Studio Solution File, Format Version 12.00
# Visual Studio Version 17
VisualStudioVersion = 17.10.35013.160
MinimumVisualStudioVersion = 10.0.40219.1
Project("{2150E333-8FDC-42A3-9474-1A3956D46DE8}") = "src", "src", "{40D2A624-1312-45EB-A45C-64F052107EE5}"
EndProject
Project("{2150E333-8FDC-42A3-9474-1A3956D46DE8}") = "test", "test", "{29B490BC-DEF4-4967-B2D7-541494FEFE81}"
EndProject
Project("{2150E333-8FDC-42A3-9474-1A3956D46DE8}") = "Core", "Core", "{4AA36DAF-2949-4F31-8859-07AC81417B49}"
EndProject
Project("{9A19103F-16F7-4668-BE54-9A1E7A4F7556}") = "Example.TicketManagement.Domain", "Example.TicketManagement.Domain\Example.TicketManagement.Domain.csproj", "{F00B6A66-C977-40DA-83E8-936BEA4446FD}"
EndProject
Project("{9A19103F-16F7-4668-BE54-9A1E7A4F7556}") = "Example.TicketManagement.Application", "Example.TicketManagement.Application\Example.TicketManagement.Application.csproj", "{4462659F-8120-48AE-A7A8-85BC982DB1FF}"
EndProject
Project("{2150E333-8FDC-42A3-9474-1A3956D46DE8}") = "Infrastructure", "Infrastructure", "{749B43D9-1A5F-43E2-8CEA-166186957E99}"
EndProject
Project("{FAE04EC0-301F-11D3-BF4B-00C04F79EFBC}") = "Example.TicketManagement.Persistance", "Example.TicketManagement.Persistance\Example.TicketManagement.Persistance.csproj", "{2B0BD172-DDD4-486F-B602-82295CAD1417}"
EndProject
Global
	GlobalSection(SolutionConfigurationPlatforms) = preSolution
		Debug|Any CPU = Debug|Any CPU
		Release|Any CPU = Release|Any CPU
	EndGlobalSection
	GlobalSection(ProjectConfigurationPlatforms) = postSolution
		{F00B6A66-C977-40DA-83E8-936BEA4446FD}.Debug|Any CPU.ActiveCfg = Debug|Any CPU
		{F00B6A66-C977-40DA-83E8-936BEA4446FD}.Debug|Any CPU.Build.0 = Debug|Any CPU
		{F00B6A66-C977-40DA-83E8-936BEA4446FD}.Release|Any CPU.ActiveCfg = Release|Any CPU
		{F00B6A66-C977-40DA-83E8-936BEA4446FD}.Release|Any CPU.Build.0 = Release|Any CPU
		{4462659F-8120-48AE-A7A8-85BC982DB1FF}.Debug|Any CPU.ActiveCfg = Debug|Any CPU
		{4462659F-8120-48AE-A7A8-85BC982DB1FF}.Debug|Any CPU.Build.0 = Debug|Any CPU
		{4462659F-8120-48AE-A7A8-85BC982DB1FF}.Release|Any CPU.ActiveCfg = Release|Any CPU
		{4462659F-8120-48AE-A7A8-85BC982DB1FF}.Release|Any CPU.Build.0 = Release|Any CPU
		{2B0BD172-DDD4-486F-B602-82295CAD1417}.Debug|Any CPU.ActiveCfg = Debug|Any CPU
		{2B0BD172-DDD4-486F-B602-82295CAD1417}.Debug|Any CPU.Build.0 = Debug|Any CPU
		{2B0BD172-DDD4-486F-B602-82295CAD1417}.Release|Any CPU.ActiveCfg = Release|Any CPU
		{2B0BD172-DDD4-486F-B602-82295CAD1417}.Release|Any CPU.Build.0 = Release|Any CPU
	EndGlobalSection
	GlobalSection(SolutionProperties) = preSolution
		HideSolutionNode = FALSE
	EndGlobalSection
	GlobalSection(NestedProjects) = preSolution
		{4AA36DAF-2949-4F31-8859-07AC81417B49} = {40D2A624-1312-45EB-A45C-64F052107EE5}
		{F00B6A66-C977-40DA-83E8-936BEA4446FD} = {4AA36DAF-2949-4F31-8859-07AC81417B49}
		{4462659F-8120-48AE-A7A8-85BC982DB1FF} = {4AA36DAF-2949-4F31-8859-07AC81417B49}
		{749B43D9-1A5F-43E2-8CEA-166186957E99} = {40D2A624-1312-45EB-A45C-64F052107EE5}
		{2B0BD172-DDD4-486F-B602-82295CAD1417} = {749B43D9-1A5F-43E2-8CEA-166186957E99}
	EndGlobalSection
	GlobalSection(ExtensibilityGlobals) = postSolution
		SolutionGuid = {FDD611D4-A18F-4B64-A9FB-B9543FB07C70}
	EndGlobalSection
EndGlobal
